
Microsoft Visual Studio Solution File, Format Version 12.00
# Visual Studio Version 17
VisualStudioVersion = 17.14.36221.1
MinimumVisualStudioVersion = 10.0.40219.1
Project("{8BC9CEB8-8B4A-11D0-8D11-00A0C91BC942}") = "UltraFastIPC", "UltraFastIPC\UltraFastIPC.vcxproj", "{B004315B-814B-4A11-B608-F05E20E1689C}"
EndProject
Project("{FAE04EC0-301F-11D3-BF4B-00C04F79EFBC}") = "PE32Proxy", "PE32Proxy\PE32Proxy.csproj", "{9720F674-0E2E-4BC9-AAA4-4E46222FA8AD}"
EndProject
Project("{FAE04EC0-301F-11D3-BF4B-00C04F79EFBC}") = "Application", "Application\Application.csproj", "{F179430E-5586-40C8-A60B-DD1753F8D7BC}"
EndProject
Global
	GlobalSection(SolutionConfigurationPlatforms) = preSolution
		Debug|Any CPU = Debug|Any CPU
		Debug|x64 = Debug|x64
		Debug|x86 = Debug|x86
		Release|Any CPU = Release|Any CPU
		Release|x64 = Release|x64
		Release|x86 = Release|x86
	EndGlobalSection
	GlobalSection(ProjectConfigurationPlatforms) = postSolution
		{B004315B-814B-4A11-B608-F05E20E1689C}.Debug|Any CPU.ActiveCfg = Debug|Win32
		{B004315B-814B-4A11-B608-F05E20E1689C}.Debug|Any CPU.Build.0 = Debug|Win32
		{B004315B-814B-4A11-B608-F05E20E1689C}.Debug|x64.ActiveCfg = Debug|x64
		{B004315B-814B-4A11-B608-F05E20E1689C}.Debug|x64.Build.0 = Debug|x64
		{B004315B-814B-4A11-B608-F05E20E1689C}.Debug|x86.ActiveCfg = Debug|Win32
		{B004315B-814B-4A11-B608-F05E20E1689C}.Debug|x86.Build.0 = Debug|Win32
		{B004315B-814B-4A11-B608-F05E20E1689C}.Release|Any CPU.ActiveCfg = Release|Win32
		{B004315B-814B-4A11-B608-F05E20E1689C}.Release|Any CPU.Build.0 = Release|Win32
		{B004315B-814B-4A11-B608-F05E20E1689C}.Release|x64.ActiveCfg = Release|x64
		{B004315B-814B-4A11-B608-F05E20E1689C}.Release|x64.Build.0 = Release|x64
		{B004315B-814B-4A11-B608-F05E20E1689C}.Release|x86.ActiveCfg = Release|Win32
		{B004315B-814B-4A11-B608-F05E20E1689C}.Release|x86.Build.0 = Release|Win32
		{9720F674-0E2E-4BC9-AAA4-4E46222FA8AD}.Debug|Any CPU.ActiveCfg = Debug|Any CPU
		{9720F674-0E2E-4BC9-AAA4-4E46222FA8AD}.Debug|Any CPU.Build.0 = Debug|Any CPU
		{9720F674-0E2E-4BC9-AAA4-4E46222FA8AD}.Debug|x64.ActiveCfg = Debug|Any CPU
		{9720F674-0E2E-4BC9-AAA4-4E46222FA8AD}.Debug|x64.Build.0 = Debug|Any CPU
		{9720F674-0E2E-4BC9-AAA4-4E46222FA8AD}.Debug|x86.ActiveCfg = Debug|Any CPU
		{9720F674-0E2E-4BC9-AAA4-4E46222FA8AD}.Debug|x86.Build.0 = Debug|Any CPU
		{9720F674-0E2E-4BC9-AAA4-4E46222FA8AD}.Release|Any CPU.ActiveCfg = Release|Any CPU
		{9720F674-0E2E-4BC9-AAA4-4E46222FA8AD}.Release|Any CPU.Build.0 = Release|Any CPU
		{9720F674-0E2E-4BC9-AAA4-4E46222FA8AD}.Release|x64.ActiveCfg = Release|Any CPU
		{9720F674-0E2E-4BC9-AAA4-4E46222FA8AD}.Release|x64.Build.0 = Release|Any CPU
		{9720F674-0E2E-4BC9-AAA4-4E46222FA8AD}.Release|x86.ActiveCfg = Release|Any CPU
		{9720F674-0E2E-4BC9-AAA4-4E46222FA8AD}.Release|x86.Build.0 = Release|Any CPU
		{F179430E-5586-40C8-A60B-DD1753F8D7BC}.Debug|Any CPU.ActiveCfg = Debug|Any CPU
		{F179430E-5586-40C8-A60B-DD1753F8D7BC}.Debug|Any CPU.Build.0 = Debug|Any CPU
		{F179430E-5586-40C8-A60B-DD1753F8D7BC}.Debug|x64.ActiveCfg = Debug|Any CPU
		{F179430E-5586-40C8-A60B-DD1753F8D7BC}.Debug|x64.Build.0 = Debug|Any CPU
		{F179430E-5586-40C8-A60B-DD1753F8D7BC}.Debug|x86.ActiveCfg = Debug|Any CPU
		{F179430E-5586-40C8-A60B-DD1753F8D7BC}.Debug|x86.Build.0 = Debug|Any CPU
		{F179430E-5586-40C8-A60B-DD1753F8D7BC}.Release|Any CPU.ActiveCfg = Release|Any CPU
		{F179430E-5586-40C8-A60B-DD1753F8D7BC}.Release|Any CPU.Build.0 = Release|Any CPU
		{F179430E-5586-40C8-A60B-DD1753F8D7BC}.Release|x64.ActiveCfg = Release|Any CPU
		{F179430E-5586-40C8-A60B-DD1753F8D7BC}.Release|x64.Build.0 = Release|Any CPU
		{F179430E-5586-40C8-A60B-DD1753F8D7BC}.Release|x86.ActiveCfg = Release|Any CPU
		{F179430E-5586-40C8-A60B-DD1753F8D7BC}.Release|x86.Build.0 = Release|Any CPU
	EndGlobalSection
	GlobalSection(SolutionProperties) = preSolution
		HideSolutionNode = FALSE
	EndGlobalSection
	GlobalSection(ExtensibilityGlobals) = postSolution
		SolutionGuid = {0037D65F-94DF-4CFD-943E-3A158E39EE6D}
	EndGlobalSection
EndGlobal
